
Microsoft Visual Studio Solution File, Format Version 12.00
# Visual Studio Version 17
VisualStudioVersion = 17.3.32901.215
MinimumVisualStudioVersion = 10.0.40219.1
Project("{9A19103F-16F7-4668-BE54-9A1E7A4F7556}") = "BetterCinema.Api", "src\BetterCinema.Api\BetterCinema.Api.csproj", "{F46A5781-452F-4D54-BA1C-A5512328FB92}"
EndProject
Project("{2150E333-8FDC-42A3-9474-1A3956D46DE8}") = "src", "src", "{301F093B-0A35-4A8E-B531-103B42663FF1}"
EndProject
Project("{E53339B2-1760-4266-BCC7-CA923CBCF16C}") = "docker-compose", "docker-compose.dcproj", "{9CF6B5F4-2139-496A-940B-C979B5465221}"
EndProject
Global
	GlobalSection(SolutionConfigurationPlatforms) = preSolution
		Debug|Any CPU = Debug|Any CPU
		Release|Any CPU = Release|Any CPU
	EndGlobalSection
	GlobalSection(ProjectConfigurationPlatforms) = postSolution
		{F46A5781-452F-4D54-BA1C-A5512328FB92}.Debug|Any CPU.ActiveCfg = Debug|Any CPU
		{F46A5781-452F-4D54-BA1C-A5512328FB92}.Debug|Any CPU.Build.0 = Debug|Any CPU
		{F46A5781-452F-4D54-BA1C-A5512328FB92}.Release|Any CPU.ActiveCfg = Release|Any CPU
		{F46A5781-452F-4D54-BA1C-A5512328FB92}.Release|Any CPU.Build.0 = Release|Any CPU
		{9CF6B5F4-2139-496A-940B-C979B5465221}.Debug|Any CPU.ActiveCfg = Debug|Any CPU
		{9CF6B5F4-2139-496A-940B-C979B5465221}.Debug|Any CPU.Build.0 = Debug|Any CPU
		{9CF6B5F4-2139-496A-940B-C979B5465221}.Release|Any CPU.ActiveCfg = Release|Any CPU
		{9CF6B5F4-2139-496A-940B-C979B5465221}.Release|Any CPU.Build.0 = Release|Any CPU
	EndGlobalSection
	GlobalSection(SolutionProperties) = preSolution
		HideSolutionNode = FALSE
	EndGlobalSection
	GlobalSection(NestedProjects) = preSolution
		{F46A5781-452F-4D54-BA1C-A5512328FB92} = {301F093B-0A35-4A8E-B531-103B42663FF1}
	EndGlobalSection
	GlobalSection(ExtensibilityGlobals) = postSolution
		SolutionGuid = {542C6FA2-4B9F-4AE1-8C23-31353765AC49}
	EndGlobalSection
EndGlobal
